// !$*UTF8*$!
{
	archiveVersion = 1;
	classes = {
	};
	objectVersion = 56;
	objects = {

/* Begin PBXBuildFile section */
		906C9D162BB85E060031139D /* AccountListView.swift in Sources */ = {isa = PBXBuildFile; fileRef = 906C9D152BB85E060031139D /* AccountListView.swift */; };
		906C9D182BB860700031139D /* RecordListView.swift in Sources */ = {isa = PBXBuildFile; fileRef = 906C9D172BB860700031139D /* RecordListView.swift */; };
		906C9D1A2BB861200031139D /* SKMenu.swift in Sources */ = {isa = PBXBuildFile; fileRef = 906C9D192BB861200031139D /* SKMenu.swift */; };
		906C9D1C2BB8900C0031139D /* RecordRowView.swift in Sources */ = {isa = PBXBuildFile; fileRef = 906C9D1B2BB8900C0031139D /* RecordRowView.swift */; };
		906C9D1E2BB8902B0031139D /* RecordDetailView.swift in Sources */ = {isa = PBXBuildFile; fileRef = 906C9D1D2BB8902B0031139D /* RecordDetailView.swift */; };
		907536552BD5B29700A2B774 /* BannerAd.swift in Sources */ = {isa = PBXBuildFile; fileRef = 907536542BD5B29700A2B774 /* BannerAd.swift */; };
		907536572BD5B32B00A2B774 /* BannerAdViewController.swift in Sources */ = {isa = PBXBuildFile; fileRef = 907536562BD5B32B00A2B774 /* BannerAdViewController.swift */; };
		9075365A2BD5B44300A2B774 /* GoogleMobileAds in Frameworks */ = {isa = PBXBuildFile; productRef = 907536592BD5B44300A2B774 /* GoogleMobileAds */; };
		9076D87E2C7127D600460146 /* SKSnapshotRecord.swift in Sources */ = {isa = PBXBuildFile; fileRef = 9076D87D2C7127D600460146 /* SKSnapshotRecord.swift */; };
		9076D8802C71480E00460146 /* SnapshotRecordView.swift in Sources */ = {isa = PBXBuildFile; fileRef = 9076D87F2C71480E00460146 /* SnapshotRecordView.swift */; };
		907CA3DD2C68F3730082266D /* SKSnapshotIncome.swift in Sources */ = {isa = PBXBuildFile; fileRef = 907CA3DC2C68F3730082266D /* SKSnapshotIncome.swift */; };
		9080C01B2BC1C70100F88FA8 /* SKPeriod.swift in Sources */ = {isa = PBXBuildFile; fileRef = 9080C01A2BC1C70100F88FA8 /* SKPeriod.swift */; };
		908598702BB36EB600208AEE /* SpendingKeeperApp.swift in Sources */ = {isa = PBXBuildFile; fileRef = 9085986F2BB36EB600208AEE /* SpendingKeeperApp.swift */; };
		908598722BB36EB600208AEE /* ContentView.swift in Sources */ = {isa = PBXBuildFile; fileRef = 908598712BB36EB600208AEE /* ContentView.swift */; };
		908598742BB36EB600208AEE /* Item.swift in Sources */ = {isa = PBXBuildFile; fileRef = 908598732BB36EB600208AEE /* Item.swift */; };
		908598762BB36EB700208AEE /* Assets.xcassets in Resources */ = {isa = PBXBuildFile; fileRef = 908598752BB36EB700208AEE /* Assets.xcassets */; };
		908598792BB36EB700208AEE /* Preview Assets.xcassets in Resources */ = {isa = PBXBuildFile; fileRef = 908598782BB36EB700208AEE /* Preview Assets.xcassets */; };
		908598832BB36EB700208AEE /* SpendingKeeperTests.swift in Sources */ = {isa = PBXBuildFile; fileRef = 908598822BB36EB700208AEE /* SpendingKeeperTests.swift */; };
		9085988D2BB36EB700208AEE /* SpendingKeeperUITests.swift in Sources */ = {isa = PBXBuildFile; fileRef = 9085988C2BB36EB700208AEE /* SpendingKeeperUITests.swift */; };
		9085988F2BB36EB800208AEE /* SpendingKeeperUITestsLaunchTests.swift in Sources */ = {isa = PBXBuildFile; fileRef = 9085988E2BB36EB700208AEE /* SpendingKeeperUITestsLaunchTests.swift */; };
		908B146D2BB9A8B8004E53D9 /* AccountRowView.swift in Sources */ = {isa = PBXBuildFile; fileRef = 908B146C2BB9A8B8004E53D9 /* AccountRowView.swift */; };
		908B146F2BB9A8C4004E53D9 /* AccountDetailView.swift in Sources */ = {isa = PBXBuildFile; fileRef = 908B146E2BB9A8C4004E53D9 /* AccountDetailView.swift */; };
		908B14712BBA11CD004E53D9 /* TrendsListView.swift in Sources */ = {isa = PBXBuildFile; fileRef = 908B14702BBA11CD004E53D9 /* TrendsListView.swift */; };
		908B14732BBA11F6004E53D9 /* SKTrend.swift in Sources */ = {isa = PBXBuildFile; fileRef = 908B14722BBA11F6004E53D9 /* SKTrend.swift */; };
		908B14752BBA135D004E53D9 /* TrendsDetailView.swift in Sources */ = {isa = PBXBuildFile; fileRef = 908B14742BBA135D004E53D9 /* TrendsDetailView.swift */; };
		908B14772BBA1C7E004E53D9 /* SKStats.swift in Sources */ = {isa = PBXBuildFile; fileRef = 908B14762BBA1C7E004E53D9 /* SKStats.swift */; };
		908BF7E12BB76C7900740266 /* SKRecord.swift in Sources */ = {isa = PBXBuildFile; fileRef = 908BF7E02BB76C7900740266 /* SKRecord.swift */; };
		908BF7E32BB76D7C00740266 /* SKTransaction.swift in Sources */ = {isa = PBXBuildFile; fileRef = 908BF7E22BB76D7C00740266 /* SKTransaction.swift */; };
		908BF7E52BB76DC000740266 /* SKAccount.swift in Sources */ = {isa = PBXBuildFile; fileRef = 908BF7E42BB76DC000740266 /* SKAccount.swift */; };
		908BF7E72BB7748500740266 /* SKAccountHistory.swift in Sources */ = {isa = PBXBuildFile; fileRef = 908BF7E62BB7748500740266 /* SKAccountHistory.swift */; };
		908BF7EA2BB7762700740266 /* AddAccountView.swift in Sources */ = {isa = PBXBuildFile; fileRef = 908BF7E92BB7762700740266 /* AddAccountView.swift */; };
		908BF7EC2BB7773E00740266 /* AddRecordView.swift in Sources */ = {isa = PBXBuildFile; fileRef = 908BF7EB2BB7773E00740266 /* AddRecordView.swift */; };
		9090C6FE2C681149002D704C /* SnapshotListView.swift in Sources */ = {isa = PBXBuildFile; fileRef = 9090C6FD2C681149002D704C /* SnapshotListView.swift */; };
		9090C7002C681169002D704C /* SnapshotDetailView.swift in Sources */ = {isa = PBXBuildFile; fileRef = 9090C6FF2C681169002D704C /* SnapshotDetailView.swift */; };
		9090C7022C6811A1002D704C /* AddSnapshotView.swift in Sources */ = {isa = PBXBuildFile; fileRef = 9090C7012C6811A1002D704C /* AddSnapshotView.swift */; };
		9090C7042C6811B5002D704C /* SnapshotRowView.swift in Sources */ = {isa = PBXBuildFile; fileRef = 9090C7032C6811B5002D704C /* SnapshotRowView.swift */; };
		9090C7062C6811C5002D704C /* SKSnapshot.swift in Sources */ = {isa = PBXBuildFile; fileRef = 9090C7052C6811C5002D704C /* SKSnapshot.swift */; };
		9090C7082C6826B6002D704C /* SKSnapshotSpending.swift in Sources */ = {isa = PBXBuildFile; fileRef = 9090C7072C6826B6002D704C /* SKSnapshotSpending.swift */; };
		9093C6BA2C6572E7008A4737 /* TrendsChartView.swift in Sources */ = {isa = PBXBuildFile; fileRef = 9093C6B92C6572E7008A4737 /* TrendsChartView.swift */; };
		909B9E3D2BCC84290053A61D /* SKAccountStatementDay.swift in Sources */ = {isa = PBXBuildFile; fileRef = 909B9E3C2BCC84290053A61D /* SKAccountStatementDay.swift */; };
		90D136372C65859100898641 /* ShareActivityView.swift in Sources */ = {isa = PBXBuildFile; fileRef = 90D136362C65859100898641 /* ShareActivityView.swift */; };
		90D96E2F2BBCC1E300DB4C01 /* SKViewModel.swift in Sources */ = {isa = PBXBuildFile; fileRef = 90D96E2E2BBCC1E300DB4C01 /* SKViewModel.swift */; };
/* End PBXBuildFile section */

/* Begin PBXContainerItemProxy section */
		9085987F2BB36EB700208AEE /* PBXContainerItemProxy */ = {
			isa = PBXContainerItemProxy;
			containerPortal = 908598642BB36EB600208AEE /* Project object */;
			proxyType = 1;
			remoteGlobalIDString = 9085986B2BB36EB600208AEE;
			remoteInfo = SpendingKeeper;
		};
		908598892BB36EB700208AEE /* PBXContainerItemProxy */ = {
			isa = PBXContainerItemProxy;
			containerPortal = 908598642BB36EB600208AEE /* Project object */;
			proxyType = 1;
			remoteGlobalIDString = 9085986B2BB36EB600208AEE;
			remoteInfo = SpendingKeeper;
		};
/* End PBXContainerItemProxy section */

/* Begin PBXFileReference section */
		906C9D152BB85E060031139D /* AccountListView.swift */ = {isa = PBXFileReference; lastKnownFileType = sourcecode.swift; path = AccountListView.swift; sourceTree = "<group>"; };
		906C9D172BB860700031139D /* RecordListView.swift */ = {isa = PBXFileReference; lastKnownFileType = sourcecode.swift; path = RecordListView.swift; sourceTree = "<group>"; };
		906C9D192BB861200031139D /* SKMenu.swift */ = {isa = PBXFileReference; lastKnownFileType = sourcecode.swift; path = SKMenu.swift; sourceTree = "<group>"; };
		906C9D1B2BB8900C0031139D /* RecordRowView.swift */ = {isa = PBXFileReference; lastKnownFileType = sourcecode.swift; path = RecordRowView.swift; sourceTree = "<group>"; };
		906C9D1D2BB8902B0031139D /* RecordDetailView.swift */ = {isa = PBXFileReference; lastKnownFileType = sourcecode.swift; path = RecordDetailView.swift; sourceTree = "<group>"; };
		907536522BD5B15200A2B774 /* Info.plist */ = {isa = PBXFileReference; lastKnownFileType = text.plist; path = Info.plist; sourceTree = "<group>"; };
		907536542BD5B29700A2B774 /* BannerAd.swift */ = {isa = PBXFileReference; lastKnownFileType = sourcecode.swift; path = BannerAd.swift; sourceTree = "<group>"; };
		907536562BD5B32B00A2B774 /* BannerAdViewController.swift */ = {isa = PBXFileReference; lastKnownFileType = sourcecode.swift; path = BannerAdViewController.swift; sourceTree = "<group>"; };
		9075365B2BD5B5C400A2B774 /* SpendingKeeper.entitlements */ = {isa = PBXFileReference; lastKnownFileType = text.plist.entitlements; path = SpendingKeeper.entitlements; sourceTree = "<group>"; };
		9076D87D2C7127D600460146 /* SKSnapshotRecord.swift */ = {isa = PBXFileReference; lastKnownFileType = sourcecode.swift; path = SKSnapshotRecord.swift; sourceTree = "<group>"; };
		9076D87F2C71480E00460146 /* SnapshotRecordView.swift */ = {isa = PBXFileReference; lastKnownFileType = sourcecode.swift; path = SnapshotRecordView.swift; sourceTree = "<group>"; };
		907CA3DC2C68F3730082266D /* SKSnapshotIncome.swift */ = {isa = PBXFileReference; lastKnownFileType = sourcecode.swift; path = SKSnapshotIncome.swift; sourceTree = "<group>"; };
		9080C01A2BC1C70100F88FA8 /* SKPeriod.swift */ = {isa = PBXFileReference; lastKnownFileType = sourcecode.swift; path = SKPeriod.swift; sourceTree = "<group>"; };
		9085986C2BB36EB600208AEE /* SpendingKeeper.app */ = {isa = PBXFileReference; explicitFileType = wrapper.application; includeInIndex = 0; path = SpendingKeeper.app; sourceTree = BUILT_PRODUCTS_DIR; };
		9085986F2BB36EB600208AEE /* SpendingKeeperApp.swift */ = {isa = PBXFileReference; lastKnownFileType = sourcecode.swift; path = SpendingKeeperApp.swift; sourceTree = "<group>"; };
		908598712BB36EB600208AEE /* ContentView.swift */ = {isa = PBXFileReference; lastKnownFileType = sourcecode.swift; path = ContentView.swift; sourceTree = "<group>"; };
		908598732BB36EB600208AEE /* Item.swift */ = {isa = PBXFileReference; lastKnownFileType = sourcecode.swift; path = Item.swift; sourceTree = "<group>"; };
		908598752BB36EB700208AEE /* Assets.xcassets */ = {isa = PBXFileReference; lastKnownFileType = folder.assetcatalog; path = Assets.xcassets; sourceTree = "<group>"; };
		908598782BB36EB700208AEE /* Preview Assets.xcassets */ = {isa = PBXFileReference; lastKnownFileType = folder.assetcatalog; path = "Preview Assets.xcassets"; sourceTree = "<group>"; };
		9085987E2BB36EB700208AEE /* SpendingKeeperTests.xctest */ = {isa = PBXFileReference; explicitFileType = wrapper.cfbundle; includeInIndex = 0; path = SpendingKeeperTests.xctest; sourceTree = BUILT_PRODUCTS_DIR; };
		908598822BB36EB700208AEE /* SpendingKeeperTests.swift */ = {isa = PBXFileReference; lastKnownFileType = sourcecode.swift; path = SpendingKeeperTests.swift; sourceTree = "<group>"; };
		908598882BB36EB700208AEE /* SpendingKeeperUITests.xctest */ = {isa = PBXFileReference; explicitFileType = wrapper.cfbundle; includeInIndex = 0; path = SpendingKeeperUITests.xctest; sourceTree = BUILT_PRODUCTS_DIR; };
		9085988C2BB36EB700208AEE /* SpendingKeeperUITests.swift */ = {isa = PBXFileReference; lastKnownFileType = sourcecode.swift; path = SpendingKeeperUITests.swift; sourceTree = "<group>"; };
		9085988E2BB36EB700208AEE /* SpendingKeeperUITestsLaunchTests.swift */ = {isa = PBXFileReference; lastKnownFileType = sourcecode.swift; path = SpendingKeeperUITestsLaunchTests.swift; sourceTree = "<group>"; };
		908B146C2BB9A8B8004E53D9 /* AccountRowView.swift */ = {isa = PBXFileReference; lastKnownFileType = sourcecode.swift; path = AccountRowView.swift; sourceTree = "<group>"; };
		908B146E2BB9A8C4004E53D9 /* AccountDetailView.swift */ = {isa = PBXFileReference; lastKnownFileType = sourcecode.swift; path = AccountDetailView.swift; sourceTree = "<group>"; };
		908B14702BBA11CD004E53D9 /* TrendsListView.swift */ = {isa = PBXFileReference; lastKnownFileType = sourcecode.swift; path = TrendsListView.swift; sourceTree = "<group>"; };
		908B14722BBA11F6004E53D9 /* SKTrend.swift */ = {isa = PBXFileReference; lastKnownFileType = sourcecode.swift; path = SKTrend.swift; sourceTree = "<group>"; };
		908B14742BBA135D004E53D9 /* TrendsDetailView.swift */ = {isa = PBXFileReference; lastKnownFileType = sourcecode.swift; path = TrendsDetailView.swift; sourceTree = "<group>"; };
		908B14762BBA1C7E004E53D9 /* SKStats.swift */ = {isa = PBXFileReference; lastKnownFileType = sourcecode.swift; path = SKStats.swift; sourceTree = "<group>"; };
		908BF7E02BB76C7900740266 /* SKRecord.swift */ = {isa = PBXFileReference; lastKnownFileType = sourcecode.swift; path = SKRecord.swift; sourceTree = "<group>"; };
		908BF7E22BB76D7C00740266 /* SKTransaction.swift */ = {isa = PBXFileReference; lastKnownFileType = sourcecode.swift; path = SKTransaction.swift; sourceTree = "<group>"; };
		908BF7E42BB76DC000740266 /* SKAccount.swift */ = {isa = PBXFileReference; lastKnownFileType = sourcecode.swift; path = SKAccount.swift; sourceTree = "<group>"; };
		908BF7E62BB7748500740266 /* SKAccountHistory.swift */ = {isa = PBXFileReference; lastKnownFileType = sourcecode.swift; path = SKAccountHistory.swift; sourceTree = "<group>"; };
		908BF7E92BB7762700740266 /* AddAccountView.swift */ = {isa = PBXFileReference; lastKnownFileType = sourcecode.swift; path = AddAccountView.swift; sourceTree = "<group>"; };
		908BF7EB2BB7773E00740266 /* AddRecordView.swift */ = {isa = PBXFileReference; lastKnownFileType = sourcecode.swift; path = AddRecordView.swift; sourceTree = "<group>"; };
		9090C6FD2C681149002D704C /* SnapshotListView.swift */ = {isa = PBXFileReference; lastKnownFileType = sourcecode.swift; path = SnapshotListView.swift; sourceTree = "<group>"; };
		9090C6FF2C681169002D704C /* SnapshotDetailView.swift */ = {isa = PBXFileReference; lastKnownFileType = sourcecode.swift; path = SnapshotDetailView.swift; sourceTree = "<group>"; };
		9090C7012C6811A1002D704C /* AddSnapshotView.swift */ = {isa = PBXFileReference; lastKnownFileType = sourcecode.swift; path = AddSnapshotView.swift; sourceTree = "<group>"; };
		9090C7032C6811B5002D704C /* SnapshotRowView.swift */ = {isa = PBXFileReference; lastKnownFileType = sourcecode.swift; path = SnapshotRowView.swift; sourceTree = "<group>"; };
		9090C7052C6811C5002D704C /* SKSnapshot.swift */ = {isa = PBXFileReference; lastKnownFileType = sourcecode.swift; path = SKSnapshot.swift; sourceTree = "<group>"; };
		9090C7072C6826B6002D704C /* SKSnapshotSpending.swift */ = {isa = PBXFileReference; lastKnownFileType = sourcecode.swift; path = SKSnapshotSpending.swift; sourceTree = "<group>"; };
		9093C6B92C6572E7008A4737 /* TrendsChartView.swift */ = {isa = PBXFileReference; lastKnownFileType = sourcecode.swift; path = TrendsChartView.swift; sourceTree = "<group>"; };
		909B9E3C2BCC84290053A61D /* SKAccountStatementDay.swift */ = {isa = PBXFileReference; lastKnownFileType = sourcecode.swift; path = SKAccountStatementDay.swift; sourceTree = "<group>"; };
		90D136362C65859100898641 /* ShareActivityView.swift */ = {isa = PBXFileReference; lastKnownFileType = sourcecode.swift; path = ShareActivityView.swift; sourceTree = "<group>"; };
		90D96E2E2BBCC1E300DB4C01 /* SKViewModel.swift */ = {isa = PBXFileReference; lastKnownFileType = sourcecode.swift; path = SKViewModel.swift; sourceTree = "<group>"; };
/* End PBXFileReference section */

/* Begin PBXFrameworksBuildPhase section */
		908598692BB36EB600208AEE /* Frameworks */ = {
			isa = PBXFrameworksBuildPhase;
			buildActionMask = 2147483647;
			files = (
				9075365A2BD5B44300A2B774 /* GoogleMobileAds in Frameworks */,
			);
			runOnlyForDeploymentPostprocessing = 0;
		};
		9085987B2BB36EB700208AEE /* Frameworks */ = {
			isa = PBXFrameworksBuildPhase;
			buildActionMask = 2147483647;
			files = (
			);
			runOnlyForDeploymentPostprocessing = 0;
		};
		908598852BB36EB700208AEE /* Frameworks */ = {
			isa = PBXFrameworksBuildPhase;
			buildActionMask = 2147483647;
			files = (
			);
			runOnlyForDeploymentPostprocessing = 0;
		};
/* End PBXFrameworksBuildPhase section */

/* Begin PBXGroup section */
		907536532BD5B28500A2B774 /* AdMob */ = {
			isa = PBXGroup;
			children = (
				907536542BD5B29700A2B774 /* BannerAd.swift */,
				907536562BD5B32B00A2B774 /* BannerAdViewController.swift */,
			);
			path = AdMob;
			sourceTree = "<group>";
		};
		907536582BD5B44300A2B774 /* Frameworks */ = {
			isa = PBXGroup;
			children = (
			);
			name = Frameworks;
			sourceTree = "<group>";
		};
		908598632BB36EB600208AEE = {
			isa = PBXGroup;
			children = (
				9085986E2BB36EB600208AEE /* SpendingKeeper */,
				908598812BB36EB700208AEE /* SpendingKeeperTests */,
				9085988B2BB36EB700208AEE /* SpendingKeeperUITests */,
				9085986D2BB36EB600208AEE /* Products */,
				907536582BD5B44300A2B774 /* Frameworks */,
			);
			sourceTree = "<group>";
		};
		9085986D2BB36EB600208AEE /* Products */ = {
			isa = PBXGroup;
			children = (
				9085986C2BB36EB600208AEE /* SpendingKeeper.app */,
				9085987E2BB36EB700208AEE /* SpendingKeeperTests.xctest */,
				908598882BB36EB700208AEE /* SpendingKeeperUITests.xctest */,
			);
			name = Products;
			sourceTree = "<group>";
		};
		9085986E2BB36EB600208AEE /* SpendingKeeper */ = {
			isa = PBXGroup;
			children = (
				9075365B2BD5B5C400A2B774 /* SpendingKeeper.entitlements */,
				907536532BD5B28500A2B774 /* AdMob */,
				907536522BD5B15200A2B774 /* Info.plist */,
				90D96E2D2BBCC1D100DB4C01 /* ViewModel */,
				908BF7E82BB7761800740266 /* View */,
				908BF7DF2BB76C4200740266 /* Model */,
				9085986F2BB36EB600208AEE /* SpendingKeeperApp.swift */,
				908598712BB36EB600208AEE /* ContentView.swift */,
				906C9D192BB861200031139D /* SKMenu.swift */,
				908598732BB36EB600208AEE /* Item.swift */,
				908598752BB36EB700208AEE /* Assets.xcassets */,
				908598772BB36EB700208AEE /* Preview Content */,
			);
			path = SpendingKeeper;
			sourceTree = "<group>";
		};
		908598772BB36EB700208AEE /* Preview Content */ = {
			isa = PBXGroup;
			children = (
				908598782BB36EB700208AEE /* Preview Assets.xcassets */,
			);
			path = "Preview Content";
			sourceTree = "<group>";
		};
		908598812BB36EB700208AEE /* SpendingKeeperTests */ = {
			isa = PBXGroup;
			children = (
				908598822BB36EB700208AEE /* SpendingKeeperTests.swift */,
			);
			path = SpendingKeeperTests;
			sourceTree = "<group>";
		};
		9085988B2BB36EB700208AEE /* SpendingKeeperUITests */ = {
			isa = PBXGroup;
			children = (
				9085988C2BB36EB700208AEE /* SpendingKeeperUITests.swift */,
				9085988E2BB36EB700208AEE /* SpendingKeeperUITestsLaunchTests.swift */,
			);
			path = SpendingKeeperUITests;
			sourceTree = "<group>";
		};
		908BF7DF2BB76C4200740266 /* Model */ = {
			isa = PBXGroup;
			children = (
				908BF7E42BB76DC000740266 /* SKAccount.swift */,
				908BF7E02BB76C7900740266 /* SKRecord.swift */,
				908BF7E22BB76D7C00740266 /* SKTransaction.swift */,
				908B14722BBA11F6004E53D9 /* SKTrend.swift */,
				908BF7E62BB7748500740266 /* SKAccountHistory.swift */,
				908B14762BBA1C7E004E53D9 /* SKStats.swift */,
				9080C01A2BC1C70100F88FA8 /* SKPeriod.swift */,
				909B9E3C2BCC84290053A61D /* SKAccountStatementDay.swift */,
				9090C7052C6811C5002D704C /* SKSnapshot.swift */,
				9090C7072C6826B6002D704C /* SKSnapshotSpending.swift */,
				907CA3DC2C68F3730082266D /* SKSnapshotIncome.swift */,
				9076D87D2C7127D600460146 /* SKSnapshotRecord.swift */,
			);
			path = Model;
			sourceTree = "<group>";
		};
		908BF7E82BB7761800740266 /* View */ = {
			isa = PBXGroup;
			children = (
				908BF7E92BB7762700740266 /* AddAccountView.swift */,
				908BF7EB2BB7773E00740266 /* AddRecordView.swift */,
				906C9D152BB85E060031139D /* AccountListView.swift */,
				908B146C2BB9A8B8004E53D9 /* AccountRowView.swift */,
				908B146E2BB9A8C4004E53D9 /* AccountDetailView.swift */,
				906C9D172BB860700031139D /* RecordListView.swift */,
				906C9D1B2BB8900C0031139D /* RecordRowView.swift */,
				906C9D1D2BB8902B0031139D /* RecordDetailView.swift */,
				908B14702BBA11CD004E53D9 /* TrendsListView.swift */,
				908B14742BBA135D004E53D9 /* TrendsDetailView.swift */,
				9093C6B92C6572E7008A4737 /* TrendsChartView.swift */,
				90D136362C65859100898641 /* ShareActivityView.swift */,
				9090C6FD2C681149002D704C /* SnapshotListView.swift */,
				9090C7032C6811B5002D704C /* SnapshotRowView.swift */,
				9090C6FF2C681169002D704C /* SnapshotDetailView.swift */,
				9076D87F2C71480E00460146 /* SnapshotRecordView.swift */,
				9090C7012C6811A1002D704C /* AddSnapshotView.swift */,
			);
			path = View;
			sourceTree = "<group>";
		};
		90D96E2D2BBCC1D100DB4C01 /* ViewModel */ = {
			isa = PBXGroup;
			children = (
				90D96E2E2BBCC1E300DB4C01 /* SKViewModel.swift */,
			);
			path = ViewModel;
			sourceTree = "<group>";
		};
/* End PBXGroup section */

/* Begin PBXNativeTarget section */
		9085986B2BB36EB600208AEE /* SpendingKeeper */ = {
			isa = PBXNativeTarget;
			buildConfigurationList = 908598922BB36EB800208AEE /* Build configuration list for PBXNativeTarget "SpendingKeeper" */;
			buildPhases = (
				908598682BB36EB600208AEE /* Sources */,
				908598692BB36EB600208AEE /* Frameworks */,
				9085986A2BB36EB600208AEE /* Resources */,
			);
			buildRules = (
			);
			dependencies = (
			);
			name = SpendingKeeper;
			packageProductDependencies = (
				907536592BD5B44300A2B774 /* GoogleMobileAds */,
			);
			productName = SpendingKeeper;
			productReference = 9085986C2BB36EB600208AEE /* SpendingKeeper.app */;
			productType = "com.apple.product-type.application";
		};
		9085987D2BB36EB700208AEE /* SpendingKeeperTests */ = {
			isa = PBXNativeTarget;
			buildConfigurationList = 908598952BB36EB800208AEE /* Build configuration list for PBXNativeTarget "SpendingKeeperTests" */;
			buildPhases = (
				9085987A2BB36EB700208AEE /* Sources */,
				9085987B2BB36EB700208AEE /* Frameworks */,
				9085987C2BB36EB700208AEE /* Resources */,
			);
			buildRules = (
			);
			dependencies = (
				908598802BB36EB700208AEE /* PBXTargetDependency */,
			);
			name = SpendingKeeperTests;
			productName = SpendingKeeperTests;
			productReference = 9085987E2BB36EB700208AEE /* SpendingKeeperTests.xctest */;
			productType = "com.apple.product-type.bundle.unit-test";
		};
		908598872BB36EB700208AEE /* SpendingKeeperUITests */ = {
			isa = PBXNativeTarget;
			buildConfigurationList = 908598982BB36EB800208AEE /* Build configuration list for PBXNativeTarget "SpendingKeeperUITests" */;
			buildPhases = (
				908598842BB36EB700208AEE /* Sources */,
				908598852BB36EB700208AEE /* Frameworks */,
				908598862BB36EB700208AEE /* Resources */,
			);
			buildRules = (
			);
			dependencies = (
				9085988A2BB36EB700208AEE /* PBXTargetDependency */,
			);
			name = SpendingKeeperUITests;
			productName = SpendingKeeperUITests;
			productReference = 908598882BB36EB700208AEE /* SpendingKeeperUITests.xctest */;
			productType = "com.apple.product-type.bundle.ui-testing";
		};
/* End PBXNativeTarget section */

/* Begin PBXProject section */
		908598642BB36EB600208AEE /* Project object */ = {
			isa = PBXProject;
			attributes = {
				BuildIndependentTargetsInParallel = 1;
				LastSwiftUpdateCheck = 1530;
				LastUpgradeCheck = 1530;
				TargetAttributes = {
					9085986B2BB36EB600208AEE = {
						CreatedOnToolsVersion = 15.3;
					};
					9085987D2BB36EB700208AEE = {
						CreatedOnToolsVersion = 15.3;
						TestTargetID = 9085986B2BB36EB600208AEE;
					};
					908598872BB36EB700208AEE = {
						CreatedOnToolsVersion = 15.3;
						TestTargetID = 9085986B2BB36EB600208AEE;
					};
				};
			};
			buildConfigurationList = 908598672BB36EB600208AEE /* Build configuration list for PBXProject "SpendingKeeper" */;
			compatibilityVersion = "Xcode 14.0";
			developmentRegion = en;
			hasScannedForEncodings = 0;
			knownRegions = (
				en,
				Base,
			);
			mainGroup = 908598632BB36EB600208AEE;
			packageReferences = (
				907536512BD5B0FB00A2B774 /* XCRemoteSwiftPackageReference "swift-package-manager-google-mobile-ads" */,
			);
			productRefGroup = 9085986D2BB36EB600208AEE /* Products */;
			projectDirPath = "";
			projectRoot = "";
			targets = (
				9085986B2BB36EB600208AEE /* SpendingKeeper */,
				9085987D2BB36EB700208AEE /* SpendingKeeperTests */,
				908598872BB36EB700208AEE /* SpendingKeeperUITests */,
			);
		};
/* End PBXProject section */

/* Begin PBXResourcesBuildPhase section */
		9085986A2BB36EB600208AEE /* Resources */ = {
			isa = PBXResourcesBuildPhase;
			buildActionMask = 2147483647;
			files = (
				908598792BB36EB700208AEE /* Preview Assets.xcassets in Resources */,
				908598762BB36EB700208AEE /* Assets.xcassets in Resources */,
			);
			runOnlyForDeploymentPostprocessing = 0;
		};
		9085987C2BB36EB700208AEE /* Resources */ = {
			isa = PBXResourcesBuildPhase;
			buildActionMask = 2147483647;
			files = (
			);
			runOnlyForDeploymentPostprocessing = 0;
		};
		908598862BB36EB700208AEE /* Resources */ = {
			isa = PBXResourcesBuildPhase;
			buildActionMask = 2147483647;
			files = (
			);
			runOnlyForDeploymentPostprocessing = 0;
		};
/* End PBXResourcesBuildPhase section */

/* Begin PBXSourcesBuildPhase section */
		908598682BB36EB600208AEE /* Sources */ = {
			isa = PBXSourcesBuildPhase;
			buildActionMask = 2147483647;
			files = (
				909B9E3D2BCC84290053A61D /* SKAccountStatementDay.swift in Sources */,
				9076D8802C71480E00460146 /* SnapshotRecordView.swift in Sources */,
				9076D87E2C7127D600460146 /* SKSnapshotRecord.swift in Sources */,
				907536572BD5B32B00A2B774 /* BannerAdViewController.swift in Sources */,
				906C9D1E2BB8902B0031139D /* RecordDetailView.swift in Sources */,
				908BF7EA2BB7762700740266 /* AddAccountView.swift in Sources */,
				906C9D182BB860700031139D /* RecordListView.swift in Sources */,
				907536552BD5B29700A2B774 /* BannerAd.swift in Sources */,
				908B14752BBA135D004E53D9 /* TrendsDetailView.swift in Sources */,
				9090C7042C6811B5002D704C /* SnapshotRowView.swift in Sources */,
				906C9D1A2BB861200031139D /* SKMenu.swift in Sources */,
				908BF7E32BB76D7C00740266 /* SKTransaction.swift in Sources */,
				9090C7082C6826B6002D704C /* SKSnapshotSpending.swift in Sources */,
				908BF7E52BB76DC000740266 /* SKAccount.swift in Sources */,
				908BF7E72BB7748500740266 /* SKAccountHistory.swift in Sources */,
				908B14732BBA11F6004E53D9 /* SKTrend.swift in Sources */,
				9090C7022C6811A1002D704C /* AddSnapshotView.swift in Sources */,
				906C9D162BB85E060031139D /* AccountListView.swift in Sources */,
				9093C6BA2C6572E7008A4737 /* TrendsChartView.swift in Sources */,
				9090C7002C681169002D704C /* SnapshotDetailView.swift in Sources */,
				9080C01B2BC1C70100F88FA8 /* SKPeriod.swift in Sources */,
				906C9D1C2BB8900C0031139D /* RecordRowView.swift in Sources */,
				9090C6FE2C681149002D704C /* SnapshotListView.swift in Sources */,
				908598722BB36EB600208AEE /* ContentView.swift in Sources */,
				908598742BB36EB600208AEE /* Item.swift in Sources */,
				908BF7E12BB76C7900740266 /* SKRecord.swift in Sources */,
				908BF7EC2BB7773E00740266 /* AddRecordView.swift in Sources */,
				908B146F2BB9A8C4004E53D9 /* AccountDetailView.swift in Sources */,
				9090C7062C6811C5002D704C /* SKSnapshot.swift in Sources */,
				908598702BB36EB600208AEE /* SpendingKeeperApp.swift in Sources */,
				907CA3DD2C68F3730082266D /* SKSnapshotIncome.swift in Sources */,
				908B14772BBA1C7E004E53D9 /* SKStats.swift in Sources */,
				90D136372C65859100898641 /* ShareActivityView.swift in Sources */,
				908B146D2BB9A8B8004E53D9 /* AccountRowView.swift in Sources */,
				90D96E2F2BBCC1E300DB4C01 /* SKViewModel.swift in Sources */,
				908B14712BBA11CD004E53D9 /* TrendsListView.swift in Sources */,
			);
			runOnlyForDeploymentPostprocessing = 0;
		};
		9085987A2BB36EB700208AEE /* Sources */ = {
			isa = PBXSourcesBuildPhase;
			buildActionMask = 2147483647;
			files = (
				908598832BB36EB700208AEE /* SpendingKeeperTests.swift in Sources */,
			);
			runOnlyForDeploymentPostprocessing = 0;
		};
		908598842BB36EB700208AEE /* Sources */ = {
			isa = PBXSourcesBuildPhase;
			buildActionMask = 2147483647;
			files = (
				9085988F2BB36EB800208AEE /* SpendingKeeperUITestsLaunchTests.swift in Sources */,
				9085988D2BB36EB700208AEE /* SpendingKeeperUITests.swift in Sources */,
			);
			runOnlyForDeploymentPostprocessing = 0;
		};
/* End PBXSourcesBuildPhase section */

/* Begin PBXTargetDependency section */
		908598802BB36EB700208AEE /* PBXTargetDependency */ = {
			isa = PBXTargetDependency;
			target = 9085986B2BB36EB600208AEE /* SpendingKeeper */;
			targetProxy = 9085987F2BB36EB700208AEE /* PBXContainerItemProxy */;
		};
		9085988A2BB36EB700208AEE /* PBXTargetDependency */ = {
			isa = PBXTargetDependency;
			target = 9085986B2BB36EB600208AEE /* SpendingKeeper */;
			targetProxy = 908598892BB36EB700208AEE /* PBXContainerItemProxy */;
		};
/* End PBXTargetDependency section */

/* Begin XCBuildConfiguration section */
		908598902BB36EB800208AEE /* Debug */ = {
			isa = XCBuildConfiguration;
			buildSettings = {
				ALWAYS_SEARCH_USER_PATHS = NO;
				ASSETCATALOG_COMPILER_GENERATE_SWIFT_ASSET_SYMBOL_EXTENSIONS = YES;
				CLANG_ANALYZER_NONNULL = YES;
				CLANG_ANALYZER_NUMBER_OBJECT_CONVERSION = YES_AGGRESSIVE;
				CLANG_CXX_LANGUAGE_STANDARD = "gnu++20";
				CLANG_ENABLE_MODULES = YES;
				CLANG_ENABLE_OBJC_ARC = YES;
				CLANG_ENABLE_OBJC_WEAK = YES;
				CLANG_WARN_BLOCK_CAPTURE_AUTORELEASING = YES;
				CLANG_WARN_BOOL_CONVERSION = YES;
				CLANG_WARN_COMMA = YES;
				CLANG_WARN_CONSTANT_CONVERSION = YES;
				CLANG_WARN_DEPRECATED_OBJC_IMPLEMENTATIONS = YES;
				CLANG_WARN_DIRECT_OBJC_ISA_USAGE = YES_ERROR;
				CLANG_WARN_DOCUMENTATION_COMMENTS = YES;
				CLANG_WARN_EMPTY_BODY = YES;
				CLANG_WARN_ENUM_CONVERSION = YES;
				CLANG_WARN_INFINITE_RECURSION = YES;
				CLANG_WARN_INT_CONVERSION = YES;
				CLANG_WARN_NON_LITERAL_NULL_CONVERSION = YES;
				CLANG_WARN_OBJC_IMPLICIT_RETAIN_SELF = YES;
				CLANG_WARN_OBJC_LITERAL_CONVERSION = YES;
				CLANG_WARN_OBJC_ROOT_CLASS = YES_ERROR;
				CLANG_WARN_QUOTED_INCLUDE_IN_FRAMEWORK_HEADER = YES;
				CLANG_WARN_RANGE_LOOP_ANALYSIS = YES;
				CLANG_WARN_STRICT_PROTOTYPES = YES;
				CLANG_WARN_SUSPICIOUS_MOVE = YES;
				CLANG_WARN_UNGUARDED_AVAILABILITY = YES_AGGRESSIVE;
				CLANG_WARN_UNREACHABLE_CODE = YES;
				CLANG_WARN__DUPLICATE_METHOD_MATCH = YES;
				COPY_PHASE_STRIP = NO;
				DEBUG_INFORMATION_FORMAT = dwarf;
				ENABLE_STRICT_OBJC_MSGSEND = YES;
				ENABLE_TESTABILITY = YES;
				ENABLE_USER_SCRIPT_SANDBOXING = YES;
				GCC_C_LANGUAGE_STANDARD = gnu17;
				GCC_DYNAMIC_NO_PIC = NO;
				GCC_NO_COMMON_BLOCKS = YES;
				GCC_OPTIMIZATION_LEVEL = 0;
				GCC_PREPROCESSOR_DEFINITIONS = (
					"DEBUG=1",
					"$(inherited)",
				);
				GCC_WARN_64_TO_32_BIT_CONVERSION = YES;
				GCC_WARN_ABOUT_RETURN_TYPE = YES_ERROR;
				GCC_WARN_UNDECLARED_SELECTOR = YES;
				GCC_WARN_UNINITIALIZED_AUTOS = YES_AGGRESSIVE;
				GCC_WARN_UNUSED_FUNCTION = YES;
				GCC_WARN_UNUSED_VARIABLE = YES;
				IPHONEOS_DEPLOYMENT_TARGET = 17.4;
				LOCALIZATION_PREFERS_STRING_CATALOGS = YES;
				MTL_ENABLE_DEBUG_INFO = INCLUDE_SOURCE;
				MTL_FAST_MATH = YES;
				ONLY_ACTIVE_ARCH = YES;
				SDKROOT = iphoneos;
				SWIFT_ACTIVE_COMPILATION_CONDITIONS = "DEBUG $(inherited)";
				SWIFT_OPTIMIZATION_LEVEL = "-Onone";
			};
			name = Debug;
		};
		908598912BB36EB800208AEE /* Release */ = {
			isa = XCBuildConfiguration;
			buildSettings = {
				ALWAYS_SEARCH_USER_PATHS = NO;
				ASSETCATALOG_COMPILER_GENERATE_SWIFT_ASSET_SYMBOL_EXTENSIONS = YES;
				CLANG_ANALYZER_NONNULL = YES;
				CLANG_ANALYZER_NUMBER_OBJECT_CONVERSION = YES_AGGRESSIVE;
				CLANG_CXX_LANGUAGE_STANDARD = "gnu++20";
				CLANG_ENABLE_MODULES = YES;
				CLANG_ENABLE_OBJC_ARC = YES;
				CLANG_ENABLE_OBJC_WEAK = YES;
				CLANG_WARN_BLOCK_CAPTURE_AUTORELEASING = YES;
				CLANG_WARN_BOOL_CONVERSION = YES;
				CLANG_WARN_COMMA = YES;
				CLANG_WARN_CONSTANT_CONVERSION = YES;
				CLANG_WARN_DEPRECATED_OBJC_IMPLEMENTATIONS = YES;
				CLANG_WARN_DIRECT_OBJC_ISA_USAGE = YES_ERROR;
				CLANG_WARN_DOCUMENTATION_COMMENTS = YES;
				CLANG_WARN_EMPTY_BODY = YES;
				CLANG_WARN_ENUM_CONVERSION = YES;
				CLANG_WARN_INFINITE_RECURSION = YES;
				CLANG_WARN_INT_CONVERSION = YES;
				CLANG_WARN_NON_LITERAL_NULL_CONVERSION = YES;
				CLANG_WARN_OBJC_IMPLICIT_RETAIN_SELF = YES;
				CLANG_WARN_OBJC_LITERAL_CONVERSION = YES;
				CLANG_WARN_OBJC_ROOT_CLASS = YES_ERROR;
				CLANG_WARN_QUOTED_INCLUDE_IN_FRAMEWORK_HEADER = YES;
				CLANG_WARN_RANGE_LOOP_ANALYSIS = YES;
				CLANG_WARN_STRICT_PROTOTYPES = YES;
				CLANG_WARN_SUSPICIOUS_MOVE = YES;
				CLANG_WARN_UNGUARDED_AVAILABILITY = YES_AGGRESSIVE;
				CLANG_WARN_UNREACHABLE_CODE = YES;
				CLANG_WARN__DUPLICATE_METHOD_MATCH = YES;
				COPY_PHASE_STRIP = NO;
				DEBUG_INFORMATION_FORMAT = "dwarf-with-dsym";
				ENABLE_NS_ASSERTIONS = NO;
				ENABLE_STRICT_OBJC_MSGSEND = YES;
				ENABLE_USER_SCRIPT_SANDBOXING = YES;
				GCC_C_LANGUAGE_STANDARD = gnu17;
				GCC_NO_COMMON_BLOCKS = YES;
				GCC_WARN_64_TO_32_BIT_CONVERSION = YES;
				GCC_WARN_ABOUT_RETURN_TYPE = YES_ERROR;
				GCC_WARN_UNDECLARED_SELECTOR = YES;
				GCC_WARN_UNINITIALIZED_AUTOS = YES_AGGRESSIVE;
				GCC_WARN_UNUSED_FUNCTION = YES;
				GCC_WARN_UNUSED_VARIABLE = YES;
				IPHONEOS_DEPLOYMENT_TARGET = 17.4;
				LOCALIZATION_PREFERS_STRING_CATALOGS = YES;
				MTL_ENABLE_DEBUG_INFO = NO;
				MTL_FAST_MATH = YES;
				SDKROOT = iphoneos;
				SWIFT_COMPILATION_MODE = wholemodule;
				VALIDATE_PRODUCT = YES;
			};
			name = Release;
		};
		908598932BB36EB800208AEE /* Debug */ = {
			isa = XCBuildConfiguration;
			buildSettings = {
				ASSETCATALOG_COMPILER_APPICON_NAME = AppIcon;
				ASSETCATALOG_COMPILER_GLOBAL_ACCENT_COLOR_NAME = AccentColor;
				CODE_SIGN_ENTITLEMENTS = SpendingKeeper/SpendingKeeper.entitlements;
				CODE_SIGN_IDENTITY = "Apple Development";
				CODE_SIGN_STYLE = Automatic;
				CURRENT_PROJECT_VERSION = 9;
				DEVELOPMENT_ASSET_PATHS = "\"SpendingKeeper/Preview Content\"";
				DEVELOPMENT_TEAM = U8VSJXRJTQ;
				ENABLE_PREVIEWS = YES;
				GENERATE_INFOPLIST_FILE = YES;
				INFOPLIST_FILE = SpendingKeeper/Info.plist;
				INFOPLIST_KEY_CFBundleDisplayName = SpendingKeeper;
				INFOPLIST_KEY_LSApplicationCategoryType = "public.app-category.finance";
				INFOPLIST_KEY_UIApplicationSceneManifest_Generation = YES;
				INFOPLIST_KEY_UIApplicationSupportsIndirectInputEvents = YES;
				INFOPLIST_KEY_UILaunchScreen_Generation = YES;
				INFOPLIST_KEY_UISupportedInterfaceOrientations_iPad = "UIInterfaceOrientationPortrait UIInterfaceOrientationPortraitUpsideDown UIInterfaceOrientationLandscapeLeft UIInterfaceOrientationLandscapeRight";
				INFOPLIST_KEY_UISupportedInterfaceOrientations_iPhone = "UIInterfaceOrientationPortrait UIInterfaceOrientationLandscapeLeft UIInterfaceOrientationLandscapeRight";
				LD_RUNPATH_SEARCH_PATHS = (
					"$(inherited)",
					"@executable_path/Frameworks",
				);
				MARKETING_VERSION = 1.3;
				PRODUCT_BUNDLE_IDENTIFIER = com.resonance.SpendingKeeper;
				PRODUCT_NAME = "$(TARGET_NAME)";
				PROVISIONING_PROFILE_SPECIFIER = "";
				SWIFT_EMIT_LOC_STRINGS = YES;
				SWIFT_VERSION = 5.0;
				TARGETED_DEVICE_FAMILY = "1,2";
			};
			name = Debug;
		};
		908598942BB36EB800208AEE /* Release */ = {
			isa = XCBuildConfiguration;
			buildSettings = {
				ASSETCATALOG_COMPILER_APPICON_NAME = AppIcon;
				ASSETCATALOG_COMPILER_GLOBAL_ACCENT_COLOR_NAME = AccentColor;
				CODE_SIGN_ENTITLEMENTS = SpendingKeeper/SpendingKeeper.entitlements;
				CODE_SIGN_IDENTITY = "Apple Development";
				CODE_SIGN_STYLE = Automatic;
				CURRENT_PROJECT_VERSION = 9;
				DEVELOPMENT_ASSET_PATHS = "\"SpendingKeeper/Preview Content\"";
				DEVELOPMENT_TEAM = U8VSJXRJTQ;
				ENABLE_PREVIEWS = YES;
				GENERATE_INFOPLIST_FILE = YES;
				INFOPLIST_FILE = SpendingKeeper/Info.plist;
				INFOPLIST_KEY_CFBundleDisplayName = SpendingKeeper;
				INFOPLIST_KEY_LSApplicationCategoryType = "public.app-category.finance";
				INFOPLIST_KEY_UIApplicationSceneManifest_Generation = YES;
				INFOPLIST_KEY_UIApplicationSupportsIndirectInputEvents = YES;
				INFOPLIST_KEY_UILaunchScreen_Generation = YES;
				INFOPLIST_KEY_UISupportedInterfaceOrientations_iPad = "UIInterfaceOrientationPortrait UIInterfaceOrientationPortraitUpsideDown UIInterfaceOrientationLandscapeLeft UIInterfaceOrientationLandscapeRight";
				INFOPLIST_KEY_UISupportedInterfaceOrientations_iPhone = "UIInterfaceOrientationPortrait UIInterfaceOrientationLandscapeLeft UIInterfaceOrientationLandscapeRight";
				LD_RUNPATH_SEARCH_PATHS = (
					"$(inherited)",
					"@executable_path/Frameworks",
				);
				MARKETING_VERSION = 1.3;
				PRODUCT_BUNDLE_IDENTIFIER = com.resonance.SpendingKeeper;
				PRODUCT_NAME = "$(TARGET_NAME)";
				PROVISIONING_PROFILE_SPECIFIER = "";
				SWIFT_EMIT_LOC_STRINGS = YES;
				SWIFT_VERSION = 5.0;
				TARGETED_DEVICE_FAMILY = "1,2";
			};
			name = Release;
		};
		908598962BB36EB800208AEE /* Debug */ = {
			isa = XCBuildConfiguration;
			buildSettings = {
				ALWAYS_EMBED_SWIFT_STANDARD_LIBRARIES = YES;
				BUNDLE_LOADER = "$(TEST_HOST)";
				CODE_SIGN_STYLE = Automatic;
				CURRENT_PROJECT_VERSION = 1;
				DEVELOPMENT_TEAM = U8VSJXRJTQ;
				GENERATE_INFOPLIST_FILE = YES;
				IPHONEOS_DEPLOYMENT_TARGET = 17.4;
				MARKETING_VERSION = 1.0;
				PRODUCT_BUNDLE_IDENTIFIER = com.resonance.SpendingKeeperTests;
				PRODUCT_NAME = "$(TARGET_NAME)";
				SWIFT_EMIT_LOC_STRINGS = NO;
				SWIFT_VERSION = 5.0;
				TARGETED_DEVICE_FAMILY = "1,2";
				TEST_HOST = "$(BUILT_PRODUCTS_DIR)/SpendingKeeper.app/$(BUNDLE_EXECUTABLE_FOLDER_PATH)/SpendingKeeper";
			};
			name = Debug;
		};
		908598972BB36EB800208AEE /* Release */ = {
			isa = XCBuildConfiguration;
			buildSettings = {
				ALWAYS_EMBED_SWIFT_STANDARD_LIBRARIES = YES;
				BUNDLE_LOADER = "$(TEST_HOST)";
				CODE_SIGN_STYLE = Automatic;
				CURRENT_PROJECT_VERSION = 1;
				DEVELOPMENT_TEAM = U8VSJXRJTQ;
				GENERATE_INFOPLIST_FILE = YES;
				IPHONEOS_DEPLOYMENT_TARGET = 17.4;
				MARKETING_VERSION = 1.0;
				PRODUCT_BUNDLE_IDENTIFIER = com.resonance.SpendingKeeperTests;
				PRODUCT_NAME = "$(TARGET_NAME)";
				SWIFT_EMIT_LOC_STRINGS = NO;
				SWIFT_VERSION = 5.0;
				TARGETED_DEVICE_FAMILY = "1,2";
				TEST_HOST = "$(BUILT_PRODUCTS_DIR)/SpendingKeeper.app/$(BUNDLE_EXECUTABLE_FOLDER_PATH)/SpendingKeeper";
			};
			name = Release;
		};
		908598992BB36EB800208AEE /* Debug */ = {
			isa = XCBuildConfiguration;
			buildSettings = {
				ALWAYS_EMBED_SWIFT_STANDARD_LIBRARIES = YES;
				CODE_SIGN_STYLE = Automatic;
				CURRENT_PROJECT_VERSION = 1;
				DEVELOPMENT_TEAM = U8VSJXRJTQ;
				GENERATE_INFOPLIST_FILE = YES;
				MARKETING_VERSION = 1.0;
				PRODUCT_BUNDLE_IDENTIFIER = com.resonance.SpendingKeeperUITests;
				PRODUCT_NAME = "$(TARGET_NAME)";
				SWIFT_EMIT_LOC_STRINGS = NO;
				SWIFT_VERSION = 5.0;
				TARGETED_DEVICE_FAMILY = "1,2";
				TEST_TARGET_NAME = SpendingKeeper;
			};
			name = Debug;
		};
		9085989A2BB36EB800208AEE /* Release */ = {
			isa = XCBuildConfiguration;
			buildSettings = {
				ALWAYS_EMBED_SWIFT_STANDARD_LIBRARIES = YES;
				CODE_SIGN_STYLE = Automatic;
				CURRENT_PROJECT_VERSION = 1;
				DEVELOPMENT_TEAM = U8VSJXRJTQ;
				GENERATE_INFOPLIST_FILE = YES;
				MARKETING_VERSION = 1.0;
				PRODUCT_BUNDLE_IDENTIFIER = com.resonance.SpendingKeeperUITests;
				PRODUCT_NAME = "$(TARGET_NAME)";
				SWIFT_EMIT_LOC_STRINGS = NO;
				SWIFT_VERSION = 5.0;
				TARGETED_DEVICE_FAMILY = "1,2";
				TEST_TARGET_NAME = SpendingKeeper;
			};
			name = Release;
		};
/* End XCBuildConfiguration section */

/* Begin XCConfigurationList section */
		908598672BB36EB600208AEE /* Build configuration list for PBXProject "SpendingKeeper" */ = {
			isa = XCConfigurationList;
			buildConfigurations = (
				908598902BB36EB800208AEE /* Debug */,
				908598912BB36EB800208AEE /* Release */,
			);
			defaultConfigurationIsVisible = 0;
			defaultConfigurationName = Release;
		};
		908598922BB36EB800208AEE /* Build configuration list for PBXNativeTarget "SpendingKeeper" */ = {
			isa = XCConfigurationList;
			buildConfigurations = (
				908598932BB36EB800208AEE /* Debug */,
				908598942BB36EB800208AEE /* Release */,
			);
			defaultConfigurationIsVisible = 0;
			defaultConfigurationName = Release;
		};
		908598952BB36EB800208AEE /* Build configuration list for PBXNativeTarget "SpendingKeeperTests" */ = {
			isa = XCConfigurationList;
			buildConfigurations = (
				908598962BB36EB800208AEE /* Debug */,
				908598972BB36EB800208AEE /* Release */,
			);
			defaultConfigurationIsVisible = 0;
			defaultConfigurationName = Release;
		};
		908598982BB36EB800208AEE /* Build configuration list for PBXNativeTarget "SpendingKeeperUITests" */ = {
			isa = XCConfigurationList;
			buildConfigurations = (
				908598992BB36EB800208AEE /* Debug */,
				9085989A2BB36EB800208AEE /* Release */,
			);
			defaultConfigurationIsVisible = 0;
			defaultConfigurationName = Release;
		};
/* End XCConfigurationList section */

/* Begin XCRemoteSwiftPackageReference section */
		907536512BD5B0FB00A2B774 /* XCRemoteSwiftPackageReference "swift-package-manager-google-mobile-ads" */ = {
			isa = XCRemoteSwiftPackageReference;
			repositoryURL = "https://github.com/googleads/swift-package-manager-google-mobile-ads.git";
			requirement = {
				kind = exactVersion;
				version = 11.5.0;
			};
		};
/* End XCRemoteSwiftPackageReference section */

/* Begin XCSwiftPackageProductDependency section */
		907536592BD5B44300A2B774 /* GoogleMobileAds */ = {
			isa = XCSwiftPackageProductDependency;
			package = 907536512BD5B0FB00A2B774 /* XCRemoteSwiftPackageReference "swift-package-manager-google-mobile-ads" */;
			productName = GoogleMobileAds;
		};
/* End XCSwiftPackageProductDependency section */
	};
	rootObject = 908598642BB36EB600208AEE /* Project object */;
}
